
Microsoft Visual Studio Solution File, Format Version 11.00
# Visual Studio 2010
Project("{8BC9CEB8-8B4A-11D0-8D11-00A0C91BC942}") = "LinkedList", "LinkedList.vcxproj", "{D49E8E27-5212-437A-BF53-1E8B26768408}"
EndProject
Global
	GlobalSection(SolutionConfigurationPlatforms) = preSolution
		Debug|Win32 = Debug|Win32
		Release|Win32 = Release|Win32
	EndGlobalSection
	GlobalSection(ProjectConfigurationPlatforms) = postSolution
		{D49E8E27-5212-437A-BF53-1E8B26768408}.Debug|Win32.ActiveCfg = Debug|Win32
		{D49E8E27-5212-437A-BF53-1E8B26768408}.Debug|Win32.Build.0 = Debug|Win32
		{D49E8E27-5212-437A-BF53-1E8B26768408}.Release|Win32.ActiveCfg = Release|Win32
		{D49E8E27-5212-437A-BF53-1E8B26768408}.Release|Win32.Build.0 = Release|Win32
	EndGlobalSection
	GlobalSection(SolutionProperties) = preSolution
		HideSolutionNode = FALSE
	EndGlobalSection
EndGlobal
